
Microsoft Visual Studio Solution File, Format Version 12.00
# Visual Studio Version 16
VisualStudioVersion = 16.0.30413.136
MinimumVisualStudioVersion = 10.0.40219.1
Project("{F2A71F9B-5D33-465A-A702-920D77279786}") = "NumericalAnalysis", "NumericalAnalysis\NumericalAnalysis.fsproj", "{969EDBF4-360D-45BD-8938-C17175A59605}"
EndProject
Global
	GlobalSection(SolutionConfigurationPlatforms) = preSolution
		Debug|Any CPU = Debug|Any CPU
		Release|Any CPU = Release|Any CPU
	EndGlobalSection
	GlobalSection(ProjectConfigurationPlatforms) = postSolution
		{969EDBF4-360D-45BD-8938-C17175A59605}.Debug|Any CPU.ActiveCfg = Debug|Any CPU
		{969EDBF4-360D-45BD-8938-C17175A59605}.Debug|Any CPU.Build.0 = Debug|Any CPU
		{969EDBF4-360D-45BD-8938-C17175A59605}.Release|Any CPU.ActiveCfg = Release|Any CPU
		{969EDBF4-360D-45BD-8938-C17175A59605}.Release|Any CPU.Build.0 = Release|Any CPU
	EndGlobalSection
	GlobalSection(SolutionProperties) = preSolution
		HideSolutionNode = FALSE
	EndGlobalSection
	GlobalSection(ExtensibilityGlobals) = postSolution
		SolutionGuid = {8D2116CB-3D25-43FF-BEA6-77239EF6694D}
	EndGlobalSection
EndGlobal
